
Microsoft Visual Studio Solution File, Format Version 12.00
# Visual Studio Version 17
VisualStudioVersion = 17.8.34511.84
MinimumVisualStudioVersion = 10.0.40219.1
Project("{FAE04EC0-301F-11D3-BF4B-00C04F79EFBC}") = "MHFOldShopTools", "MHFOldShopTools.csproj", "{9413CA44-D3D2-4342-9F64-9625E6EE6AAF}"
EndProject
Global
	GlobalSection(SolutionConfigurationPlatforms) = preSolution
		Debug|Any CPU = Debug|Any CPU
		Release|Any CPU = Release|Any CPU
	EndGlobalSection
	GlobalSection(ProjectConfigurationPlatforms) = postSolution
		{9413CA44-D3D2-4342-9F64-9625E6EE6AAF}.Debug|Any CPU.ActiveCfg = Debug|Any CPU
		{9413CA44-D3D2-4342-9F64-9625E6EE6AAF}.Debug|Any CPU.Build.0 = Debug|Any CPU
		{9413CA44-D3D2-4342-9F64-9625E6EE6AAF}.Release|Any CPU.ActiveCfg = Release|Any CPU
		{9413CA44-D3D2-4342-9F64-9625E6EE6AAF}.Release|Any CPU.Build.0 = Release|Any CPU
	EndGlobalSection
	GlobalSection(SolutionProperties) = preSolution
		HideSolutionNode = FALSE
	EndGlobalSection
	GlobalSection(ExtensibilityGlobals) = postSolution
		SolutionGuid = {347C8075-6DA6-45FB-A47A-05A9F335DF1A}
	EndGlobalSection
EndGlobal
